
Microsoft Visual Studio Solution File, Format Version 12.00
# Visual Studio Version 16
VisualStudioVersion = 16.0.30413.136
MinimumVisualStudioVersion = 10.0.40219.1
Project("{FAE04EC0-301F-11D3-BF4B-00C04F79EFBC}") = "TrafficSurveyTool", "TrafficSurveyTool\TrafficSurveyTool.csproj", "{874AE3A0-4985-4091-A33D-F0F434406E04}"
EndProject
Global
	GlobalSection(SolutionConfigurationPlatforms) = preSolution
		Debug|Any CPU = Debug|Any CPU
		Release|Any CPU = Release|Any CPU
	EndGlobalSection
	GlobalSection(ProjectConfigurationPlatforms) = postSolution
		{874AE3A0-4985-4091-A33D-F0F434406E04}.Debug|Any CPU.ActiveCfg = Debug|Any CPU
		{874AE3A0-4985-4091-A33D-F0F434406E04}.Debug|Any CPU.Build.0 = Debug|Any CPU
		{874AE3A0-4985-4091-A33D-F0F434406E04}.Release|Any CPU.ActiveCfg = Release|Any CPU
		{874AE3A0-4985-4091-A33D-F0F434406E04}.Release|Any CPU.Build.0 = Release|Any CPU
	EndGlobalSection
	GlobalSection(SolutionProperties) = preSolution
		HideSolutionNode = FALSE
	EndGlobalSection
	GlobalSection(ExtensibilityGlobals) = postSolution
		SolutionGuid = {6E591A65-12A0-4AD4-AC4A-1C0F2F04A92A}
	EndGlobalSection
EndGlobal
